
Microsoft Visual Studio Solution File, Format Version 12.00
# Visual Studio 15
VisualStudioVersion = 15.0.26730.15
MinimumVisualStudioVersion = 10.0.40219.1
Project("{FAE04EC0-301F-11D3-BF4B-00C04F79EFBC}") = "LambdasAndOtherStuff", "LambdasAndOtherStuff\LambdasAndOtherStuff.csproj", "{F24C17C1-8CEA-4848-9BDC-9F721AE5A211}"
EndProject
Global
	GlobalSection(SolutionConfigurationPlatforms) = preSolution
		Debug|Any CPU = Debug|Any CPU
		Release|Any CPU = Release|Any CPU
	EndGlobalSection
	GlobalSection(ProjectConfigurationPlatforms) = postSolution
		{F24C17C1-8CEA-4848-9BDC-9F721AE5A211}.Debug|Any CPU.ActiveCfg = Debug|Any CPU
		{F24C17C1-8CEA-4848-9BDC-9F721AE5A211}.Debug|Any CPU.Build.0 = Debug|Any CPU
		{F24C17C1-8CEA-4848-9BDC-9F721AE5A211}.Release|Any CPU.ActiveCfg = Release|Any CPU
		{F24C17C1-8CEA-4848-9BDC-9F721AE5A211}.Release|Any CPU.Build.0 = Release|Any CPU
	EndGlobalSection
	GlobalSection(SolutionProperties) = preSolution
		HideSolutionNode = FALSE
	EndGlobalSection
	GlobalSection(ExtensibilityGlobals) = postSolution
		SolutionGuid = {9CC213DE-2E2C-406F-A741-392866C2770D}
	EndGlobalSection
EndGlobal
